
Microsoft Visual Studio Solution File, Format Version 12.00
# Visual Studio Version 17
VisualStudioVersion = 17.12.35707.178 d17.12
MinimumVisualStudioVersion = 10.0.40219.1
Project("{FAE04EC0-301F-11D3-BF4B-00C04F79EFBC}") = "Task 1.1", "Task 1.1\Task 1.1.csproj", "{826C3290-372F-46E2-9B13-DC55192C5603}"
EndProject
Project("{FAE04EC0-301F-11D3-BF4B-00C04F79EFBC}") = "Task 1.2", "Task 1.2\Task 1.2.csproj", "{DCFB4F83-685A-4635-A3C2-DE9153C82F1D}"
EndProject
Project("{FAE04EC0-301F-11D3-BF4B-00C04F79EFBC}") = "Task 1.3", "Task 1.3\Task 1.3.csproj", "{36B5D90E-5196-4BDA-82A9-B9EC574EEFED}"
EndProject
Project("{FAE04EC0-301F-11D3-BF4B-00C04F79EFBC}") = "Task 1.4", "Task 1.4\Task 1.4.csproj", "{FBD14E3D-4B82-44F9-9691-00008B595AB8}"
EndProject
Global
	GlobalSection(SolutionConfigurationPlatforms) = preSolution
		Debug|Any CPU = Debug|Any CPU
		Release|Any CPU = Release|Any CPU
	EndGlobalSection
	GlobalSection(ProjectConfigurationPlatforms) = postSolution
		{826C3290-372F-46E2-9B13-DC55192C5603}.Debug|Any CPU.ActiveCfg = Debug|Any CPU
		{826C3290-372F-46E2-9B13-DC55192C5603}.Debug|Any CPU.Build.0 = Debug|Any CPU
		{826C3290-372F-46E2-9B13-DC55192C5603}.Release|Any CPU.ActiveCfg = Release|Any CPU
		{826C3290-372F-46E2-9B13-DC55192C5603}.Release|Any CPU.Build.0 = Release|Any CPU
		{DCFB4F83-685A-4635-A3C2-DE9153C82F1D}.Debug|Any CPU.ActiveCfg = Debug|Any CPU
		{DCFB4F83-685A-4635-A3C2-DE9153C82F1D}.Debug|Any CPU.Build.0 = Debug|Any CPU
		{DCFB4F83-685A-4635-A3C2-DE9153C82F1D}.Release|Any CPU.ActiveCfg = Release|Any CPU
		{DCFB4F83-685A-4635-A3C2-DE9153C82F1D}.Release|Any CPU.Build.0 = Release|Any CPU
		{36B5D90E-5196-4BDA-82A9-B9EC574EEFED}.Debug|Any CPU.ActiveCfg = Debug|Any CPU
		{36B5D90E-5196-4BDA-82A9-B9EC574EEFED}.Debug|Any CPU.Build.0 = Debug|Any CPU
		{36B5D90E-5196-4BDA-82A9-B9EC574EEFED}.Release|Any CPU.ActiveCfg = Release|Any CPU
		{36B5D90E-5196-4BDA-82A9-B9EC574EEFED}.Release|Any CPU.Build.0 = Release|Any CPU
		{FBD14E3D-4B82-44F9-9691-00008B595AB8}.Debug|Any CPU.ActiveCfg = Debug|Any CPU
		{FBD14E3D-4B82-44F9-9691-00008B595AB8}.Debug|Any CPU.Build.0 = Debug|Any CPU
		{FBD14E3D-4B82-44F9-9691-00008B595AB8}.Release|Any CPU.ActiveCfg = Release|Any CPU
		{FBD14E3D-4B82-44F9-9691-00008B595AB8}.Release|Any CPU.Build.0 = Release|Any CPU
	EndGlobalSection
	GlobalSection(SolutionProperties) = preSolution
		HideSolutionNode = FALSE
	EndGlobalSection
EndGlobal
